
Microsoft Visual Studio Solution File, Format Version 12.00
# Visual Studio Version 17
VisualStudioVersion = 17.14.36109.1 d17.14
MinimumVisualStudioVersion = 10.0.40219.1
Project("{FAE04EC0-301F-11D3-BF4B-00C04F79EFBC}") = "GameClub", "GameClub\GameClub.csproj", "{F5E5F4C0-BF63-459E-8EF4-992DEA93C6A6}"
EndProject
Project("{FAE04EC0-301F-11D3-BF4B-00C04F79EFBC}") = "GameClubClassLib", "GameClubClassLib\GameClubClassLib.csproj", "{34A9FFDC-270D-426A-AB68-4C8BB567750C}"
EndProject
Global
	GlobalSection(SolutionConfigurationPlatforms) = preSolution
		Debug|Any CPU = Debug|Any CPU
		Release|Any CPU = Release|Any CPU
	EndGlobalSection
	GlobalSection(ProjectConfigurationPlatforms) = postSolution
		{F5E5F4C0-BF63-459E-8EF4-992DEA93C6A6}.Debug|Any CPU.ActiveCfg = Debug|Any CPU
		{F5E5F4C0-BF63-459E-8EF4-992DEA93C6A6}.Debug|Any CPU.Build.0 = Debug|Any CPU
		{F5E5F4C0-BF63-459E-8EF4-992DEA93C6A6}.Release|Any CPU.ActiveCfg = Release|Any CPU
		{F5E5F4C0-BF63-459E-8EF4-992DEA93C6A6}.Release|Any CPU.Build.0 = Release|Any CPU
		{34A9FFDC-270D-426A-AB68-4C8BB567750C}.Debug|Any CPU.ActiveCfg = Debug|Any CPU
		{34A9FFDC-270D-426A-AB68-4C8BB567750C}.Debug|Any CPU.Build.0 = Debug|Any CPU
		{34A9FFDC-270D-426A-AB68-4C8BB567750C}.Release|Any CPU.ActiveCfg = Release|Any CPU
		{34A9FFDC-270D-426A-AB68-4C8BB567750C}.Release|Any CPU.Build.0 = Release|Any CPU
	EndGlobalSection
	GlobalSection(SolutionProperties) = preSolution
		HideSolutionNode = FALSE
	EndGlobalSection
	GlobalSection(ExtensibilityGlobals) = postSolution
		SolutionGuid = {260E7354-EC4B-4729-8166-97C95A173D94}
	EndGlobalSection
EndGlobal
